<Solution>
  <Configurations>
    <Platform Name="x64" />
  </Configurations>
  <Project Path="part1-1/part1-1.vcxproj" Id="6c121a65-1757-f0a1-f19e-7117958b4e80" />
  <Project Path="part1-2/part1-2.vcxproj" />
  <Project Path="part2-1/part2-1.vcxproj" />
  <Project Path="part2-2/part2-2.vcxproj" />
  <Project Path="part3-1/part3-1.vcxproj" />
</Solution>
